
Microsoft Visual Studio Solution File, Format Version 12.00
# Visual Studio Version 17
VisualStudioVersion = 17.10.35004.147
MinimumVisualStudioVersion = 10.0.40219.1
Project("{FAE04EC0-301F-11D3-BF4B-00C04F79EFBC}") = "Module_4_10", "Module_4_10\Module_4_10.csproj", "{CA6BEB8D-D775-42C3-9D92-D2081DCEABCF}"
EndProject
Global
	GlobalSection(SolutionConfigurationPlatforms) = preSolution
		Debug|Any CPU = Debug|Any CPU
		Release|Any CPU = Release|Any CPU
	EndGlobalSection
	GlobalSection(ProjectConfigurationPlatforms) = postSolution
		{CA6BEB8D-D775-42C3-9D92-D2081DCEABCF}.Debug|Any CPU.ActiveCfg = Debug|Any CPU
		{CA6BEB8D-D775-42C3-9D92-D2081DCEABCF}.Debug|Any CPU.Build.0 = Debug|Any CPU
		{CA6BEB8D-D775-42C3-9D92-D2081DCEABCF}.Release|Any CPU.ActiveCfg = Release|Any CPU
		{CA6BEB8D-D775-42C3-9D92-D2081DCEABCF}.Release|Any CPU.Build.0 = Release|Any CPU
	EndGlobalSection
	GlobalSection(SolutionProperties) = preSolution
		HideSolutionNode = FALSE
	EndGlobalSection
	GlobalSection(ExtensibilityGlobals) = postSolution
		SolutionGuid = {9A58CCBE-313E-4AB0-A6D9-7F0086F9F54E}
	EndGlobalSection
EndGlobal
